<?xml version="1.0" encoding="utf-8"?>
<Project ToolsVersion="15.0" xmlns="http://schemas.microsoft.com/developer/msbuild/2003">
  <ItemGroup>
    <ClCompile Include="C:\Users\olejk\Desktop\mp2-lab1-set\src\tbitfield.cpp">
      <Filter>Source Files</Filter>
    </ClCompile>
    <ClCompile Include="C:\Users\olejk\Desktop\mp2-lab1-set\src\tset.cpp">
      <Filter>Source Files</Filter>
    </ClCompile>
  </ItemGroup>
  <ItemGroup>
    <ClInclude Include="C:\Users\olejk\Desktop\mp2-lab1-set\include\tbitfield.h">
      <Filter>Header Files</Filter>
    </ClInclude>
    <ClInclude Include="C:\Users\olejk\Desktop\mp2-lab1-set\include\tset.h">
      <Filter>Header Files</Filter>
    </ClInclude>
  </ItemGroup>
  <ItemGroup>
    <CustomBuild Include="C:\Users\olejk\Desktop\mp2-lab1-set\src\CMakeLists.txt" />
  </ItemGroup>
  <ItemGroup>
    <Filter Include="Header Files">
      <UniqueIdentifier>{082E8CDF-2731-3ADE-961F-6A7AC8E2A38E}</UniqueIdentifier>
    </Filter>
    <Filter Include="Source Files">
      <UniqueIdentifier>{97EA1709-71BA-3394-B716-F258D4502ED9}</UniqueIdentifier>
    </Filter>
  </ItemGroup>
</Project>
